
Microsoft Visual Studio Solution File, Format Version 12.00
# Visual Studio Version 16
VisualStudioVersion = 16.0.31729.503
MinimumVisualStudioVersion = 10.0.40219.1
Project("{9A19103F-16F7-4668-BE54-9A1E7A4F7556}") = "Hub_Jerusalem", "M:\The Pro!\Project\Hub_Jerusalem\Hub_Jerusalem.csproj", "{1D9DC751-B16A-49EF-8324-49161DC279F1}"
EndProject
Project("{9A19103F-16F7-4668-BE54-9A1E7A4F7556}") = "BL", "M:\The Pro!\Project\BL\BL.csproj", "{CF79C19E-8A6A-4337-A8F3-3C1FF123998D}"
EndProject
Project("{9A19103F-16F7-4668-BE54-9A1E7A4F7556}") = "DL", "M:\The Pro!\Project\DL\DL.csproj", "{0AA03293-5E8E-4A37-8DD4-97C9A10F3AEB}"
EndProject
Project("{9A19103F-16F7-4668-BE54-9A1E7A4F7556}") = "Entity", "M:\The Pro!\Project\Entity\Entity.csproj", "{17564C11-C892-4D93-9C17-1797199CBAF3}"
EndProject
Project("{9A19103F-16F7-4668-BE54-9A1E7A4F7556}") = "DTO", "M:\The Pro!\Project\DTO\DTO.csproj", "{974A1509-EA7D-4BF6-A436-4BE0A1A6150B}"
EndProject
Global
	GlobalSection(SolutionConfigurationPlatforms) = preSolution
		Debug|Any CPU = Debug|Any CPU
		Release|Any CPU = Release|Any CPU
	EndGlobalSection
	GlobalSection(ProjectConfigurationPlatforms) = postSolution
		{1D9DC751-B16A-49EF-8324-49161DC279F1}.Debug|Any CPU.ActiveCfg = Debug|Any CPU
		{1D9DC751-B16A-49EF-8324-49161DC279F1}.Debug|Any CPU.Build.0 = Debug|Any CPU
		{1D9DC751-B16A-49EF-8324-49161DC279F1}.Release|Any CPU.ActiveCfg = Release|Any CPU
		{1D9DC751-B16A-49EF-8324-49161DC279F1}.Release|Any CPU.Build.0 = Release|Any CPU
		{CF79C19E-8A6A-4337-A8F3-3C1FF123998D}.Debug|Any CPU.ActiveCfg = Debug|Any CPU
		{CF79C19E-8A6A-4337-A8F3-3C1FF123998D}.Debug|Any CPU.Build.0 = Debug|Any CPU
		{CF79C19E-8A6A-4337-A8F3-3C1FF123998D}.Release|Any CPU.ActiveCfg = Release|Any CPU
		{CF79C19E-8A6A-4337-A8F3-3C1FF123998D}.Release|Any CPU.Build.0 = Release|Any CPU
		{0AA03293-5E8E-4A37-8DD4-97C9A10F3AEB}.Debug|Any CPU.ActiveCfg = Debug|Any CPU
		{0AA03293-5E8E-4A37-8DD4-97C9A10F3AEB}.Debug|Any CPU.Build.0 = Debug|Any CPU
		{0AA03293-5E8E-4A37-8DD4-97C9A10F3AEB}.Release|Any CPU.ActiveCfg = Release|Any CPU
		{0AA03293-5E8E-4A37-8DD4-97C9A10F3AEB}.Release|Any CPU.Build.0 = Release|Any CPU
		{17564C11-C892-4D93-9C17-1797199CBAF3}.Debug|Any CPU.ActiveCfg = Debug|Any CPU
		{17564C11-C892-4D93-9C17-1797199CBAF3}.Debug|Any CPU.Build.0 = Debug|Any CPU
		{17564C11-C892-4D93-9C17-1797199CBAF3}.Release|Any CPU.ActiveCfg = Release|Any CPU
		{17564C11-C892-4D93-9C17-1797199CBAF3}.Release|Any CPU.Build.0 = Release|Any CPU
		{974A1509-EA7D-4BF6-A436-4BE0A1A6150B}.Debug|Any CPU.ActiveCfg = Debug|Any CPU
		{974A1509-EA7D-4BF6-A436-4BE0A1A6150B}.Debug|Any CPU.Build.0 = Debug|Any CPU
		{974A1509-EA7D-4BF6-A436-4BE0A1A6150B}.Release|Any CPU.ActiveCfg = Release|Any CPU
		{974A1509-EA7D-4BF6-A436-4BE0A1A6150B}.Release|Any CPU.Build.0 = Release|Any CPU
	EndGlobalSection
	GlobalSection(SolutionProperties) = preSolution
		HideSolutionNode = FALSE
	EndGlobalSection
	GlobalSection(ExtensibilityGlobals) = postSolution
		SolutionGuid = {C132CE2E-6D5B-4E14-B846-3844756F7C68}
	EndGlobalSection
EndGlobal
